
Microsoft Visual Studio Solution File, Format Version 12.00
# Visual Studio 14
VisualStudioVersion = 14.0.25420.1
MinimumVisualStudioVersion = 10.0.40219.1
Project("{FAE04EC0-301F-11D3-BF4B-00C04F79EFBC}") = "InvoiceSystem", "InvoiceSystem\InvoiceSystem\InvoiceSystem.csproj", "{8E1906A2-516E-4C0A-92DB-4A2AF7928269}"
EndProject
Project("{FAE04EC0-301F-11D3-BF4B-00C04F79EFBC}") = "InvoiceSystem.Droid", "InvoiceSystem\InvoiceSystem.Droid\InvoiceSystem.Droid.csproj", "{47CCB5EA-BC03-4A31-89C5-EDCA95638056}"
EndProject
Project("{FAE04EC0-301F-11D3-BF4B-00C04F79EFBC}") = "InvoiceSystem.iOS", "InvoiceSystem\InvoiceSystem.iOS\InvoiceSystem.iOS.csproj", "{E8AEB83A-14BD-4929-83FE-6B1AF724C74E}"
EndProject
Project("{FAE04EC0-301F-11D3-BF4B-00C04F79EFBC}") = "InvoiceSystem.WinPhone", "InvoiceSystem\InvoiceSystem.WinPhone\InvoiceSystem.WinPhone.csproj", "{C0F20D01-D0E6-45C4-8251-0FAE0E64967D}"
EndProject
Project("{FAE04EC0-301F-11D3-BF4B-00C04F79EFBC}") = "InvoiceSystem.Windows", "InvoiceSystem\InvoiceSystem.Windows\InvoiceSystem.Windows.csproj", "{28321108-87E7-4928-8D18-F4E0715A2917}"
EndProject
Global
	GlobalSection(SolutionConfigurationPlatforms) = preSolution
		Ad-Hoc|Any CPU = Ad-Hoc|Any CPU
		Ad-Hoc|ARM = Ad-Hoc|ARM
		Ad-Hoc|iPhone = Ad-Hoc|iPhone
		Ad-Hoc|iPhoneSimulator = Ad-Hoc|iPhoneSimulator
		Ad-Hoc|x64 = Ad-Hoc|x64
		Ad-Hoc|x86 = Ad-Hoc|x86
		AppStore|Any CPU = AppStore|Any CPU
		AppStore|ARM = AppStore|ARM
		AppStore|iPhone = AppStore|iPhone
		AppStore|iPhoneSimulator = AppStore|iPhoneSimulator
		AppStore|x64 = AppStore|x64
		AppStore|x86 = AppStore|x86
		Debug|Any CPU = Debug|Any CPU
		Debug|ARM = Debug|ARM
		Debug|iPhone = Debug|iPhone
		Debug|iPhoneSimulator = Debug|iPhoneSimulator
		Debug|x64 = Debug|x64
		Debug|x86 = Debug|x86
		Release|Any CPU = Release|Any CPU
		Release|ARM = Release|ARM
		Release|iPhone = Release|iPhone
		Release|iPhoneSimulator = Release|iPhoneSimulator
		Release|x64 = Release|x64
		Release|x86 = Release|x86
	EndGlobalSection
	GlobalSection(ProjectConfigurationPlatforms) = postSolution
		{8E1906A2-516E-4C0A-92DB-4A2AF7928269}.Ad-Hoc|Any CPU.ActiveCfg = Release|Any CPU
		{8E1906A2-516E-4C0A-92DB-4A2AF7928269}.Ad-Hoc|Any CPU.Build.0 = Release|Any CPU
		{8E1906A2-516E-4C0A-92DB-4A2AF7928269}.Ad-Hoc|ARM.ActiveCfg = Release|Any CPU
		{8E1906A2-516E-4C0A-92DB-4A2AF7928269}.Ad-Hoc|ARM.Build.0 = Release|Any CPU
		{8E1906A2-516E-4C0A-92DB-4A2AF7928269}.Ad-Hoc|iPhone.ActiveCfg = Release|Any CPU
		{8E1906A2-516E-4C0A-92DB-4A2AF7928269}.Ad-Hoc|iPhone.Build.0 = Release|Any CPU
		{8E1906A2-516E-4C0A-92DB-4A2AF7928269}.Ad-Hoc|iPhoneSimulator.ActiveCfg = Release|Any CPU
		{8E1906A2-516E-4C0A-92DB-4A2AF7928269}.Ad-Hoc|iPhoneSimulator.Build.0 = Release|Any CPU
		{8E1906A2-516E-4C0A-92DB-4A2AF7928269}.Ad-Hoc|x64.ActiveCfg = Release|Any CPU
		{8E1906A2-516E-4C0A-92DB-4A2AF7928269}.Ad-Hoc|x64.Build.0 = Release|Any CPU
		{8E1906A2-516E-4C0A-92DB-4A2AF7928269}.Ad-Hoc|x86.ActiveCfg = Release|Any CPU
		{8E1906A2-516E-4C0A-92DB-4A2AF7928269}.Ad-Hoc|x86.Build.0 = Release|Any CPU
		{8E1906A2-516E-4C0A-92DB-4A2AF7928269}.AppStore|Any CPU.ActiveCfg = Release|Any CPU
		{8E1906A2-516E-4C0A-92DB-4A2AF7928269}.AppStore|Any CPU.Build.0 = Release|Any CPU
		{8E1906A2-516E-4C0A-92DB-4A2AF7928269}.AppStore|ARM.ActiveCfg = Release|Any CPU
		{8E1906A2-516E-4C0A-92DB-4A2AF7928269}.AppStore|ARM.Build.0 = Release|Any CPU
		{8E1906A2-516E-4C0A-92DB-4A2AF7928269}.AppStore|iPhone.ActiveCfg = Release|Any CPU
		{8E1906A2-516E-4C0A-92DB-4A2AF7928269}.AppStore|iPhone.Build.0 = Release|Any CPU
		{8E1906A2-516E-4C0A-92DB-4A2AF7928269}.AppStore|iPhoneSimulator.ActiveCfg = Release|Any CPU
		{8E1906A2-516E-4C0A-92DB-4A2AF7928269}.AppStore|iPhoneSimulator.Build.0 = Release|Any CPU
		{8E1906A2-516E-4C0A-92DB-4A2AF7928269}.AppStore|x64.ActiveCfg = Release|Any CPU
		{8E1906A2-516E-4C0A-92DB-4A2AF7928269}.AppStore|x64.Build.0 = Release|Any CPU
		{8E1906A2-516E-4C0A-92DB-4A2AF7928269}.AppStore|x86.ActiveCfg = Release|Any CPU
		{8E1906A2-516E-4C0A-92DB-4A2AF7928269}.AppStore|x86.Build.0 = Release|Any CPU
		{8E1906A2-516E-4C0A-92DB-4A2AF7928269}.Debug|Any CPU.ActiveCfg = Debug|Any CPU
		{8E1906A2-516E-4C0A-92DB-4A2AF7928269}.Debug|Any CPU.Build.0 = Debug|Any CPU
		{8E1906A2-516E-4C0A-92DB-4A2AF7928269}.Debug|ARM.ActiveCfg = Debug|Any CPU
		{8E1906A2-516E-4C0A-92DB-4A2AF7928269}.Debug|ARM.Build.0 = Debug|Any CPU
		{8E1906A2-516E-4C0A-92DB-4A2AF7928269}.Debug|iPhone.ActiveCfg = Debug|Any CPU
		{8E1906A2-516E-4C0A-92DB-4A2AF7928269}.Debug|iPhone.Build.0 = Debug|Any CPU
		{8E1906A2-516E-4C0A-92DB-4A2AF7928269}.Debug|iPhoneSimulator.ActiveCfg = Debug|Any CPU
		{8E1906A2-516E-4C0A-92DB-4A2AF7928269}.Debug|iPhoneSimulator.Build.0 = Debug|Any CPU
		{8E1906A2-516E-4C0A-92DB-4A2AF7928269}.Debug|x64.ActiveCfg = Debug|Any CPU
		{8E1906A2-516E-4C0A-92DB-4A2AF7928269}.Debug|x64.Build.0 = Debug|Any CPU
		{8E1906A2-516E-4C0A-92DB-4A2AF7928269}.Debug|x86.ActiveCfg = Debug|Any CPU
		{8E1906A2-516E-4C0A-92DB-4A2AF7928269}.Debug|x86.Build.0 = Debug|Any CPU
		{8E1906A2-516E-4C0A-92DB-4A2AF7928269}.Release|Any CPU.ActiveCfg = Release|Any CPU
		{8E1906A2-516E-4C0A-92DB-4A2AF7928269}.Release|Any CPU.Build.0 = Release|Any CPU
		{8E1906A2-516E-4C0A-92DB-4A2AF7928269}.Release|ARM.ActiveCfg = Release|Any CPU
		{8E1906A2-516E-4C0A-92DB-4A2AF7928269}.Release|ARM.Build.0 = Release|Any CPU
		{8E1906A2-516E-4C0A-92DB-4A2AF7928269}.Release|iPhone.ActiveCfg = Release|Any CPU
		{8E1906A2-516E-4C0A-92DB-4A2AF7928269}.Release|iPhone.Build.0 = Release|Any CPU
		{8E1906A2-516E-4C0A-92DB-4A2AF7928269}.Release|iPhoneSimulator.ActiveCfg = Release|Any CPU
		{8E1906A2-516E-4C0A-92DB-4A2AF7928269}.Release|iPhoneSimulator.Build.0 = Release|Any CPU
		{8E1906A2-516E-4C0A-92DB-4A2AF7928269}.Release|x64.ActiveCfg = Release|Any CPU
		{8E1906A2-516E-4C0A-92DB-4A2AF7928269}.Release|x64.Build.0 = Release|Any CPU
		{8E1906A2-516E-4C0A-92DB-4A2AF7928269}.Release|x86.ActiveCfg = Release|Any CPU
		{8E1906A2-516E-4C0A-92DB-4A2AF7928269}.Release|x86.Build.0 = Release|Any CPU
		{47CCB5EA-BC03-4A31-89C5-EDCA95638056}.Ad-Hoc|Any CPU.ActiveCfg = Release|Any CPU
		{47CCB5EA-BC03-4A31-89C5-EDCA95638056}.Ad-Hoc|Any CPU.Build.0 = Release|Any CPU
		{47CCB5EA-BC03-4A31-89C5-EDCA95638056}.Ad-Hoc|Any CPU.Deploy.0 = Release|Any CPU
		{47CCB5EA-BC03-4A31-89C5-EDCA95638056}.Ad-Hoc|ARM.ActiveCfg = Release|Any CPU
		{47CCB5EA-BC03-4A31-89C5-EDCA95638056}.Ad-Hoc|ARM.Build.0 = Release|Any CPU
		{47CCB5EA-BC03-4A31-89C5-EDCA95638056}.Ad-Hoc|ARM.Deploy.0 = Release|Any CPU
		{47CCB5EA-BC03-4A31-89C5-EDCA95638056}.Ad-Hoc|iPhone.ActiveCfg = Release|Any CPU
		{47CCB5EA-BC03-4A31-89C5-EDCA95638056}.Ad-Hoc|iPhone.Build.0 = Release|Any CPU
		{47CCB5EA-BC03-4A31-89C5-EDCA95638056}.Ad-Hoc|iPhone.Deploy.0 = Release|Any CPU
		{47CCB5EA-BC03-4A31-89C5-EDCA95638056}.Ad-Hoc|iPhoneSimulator.ActiveCfg = Release|Any CPU
		{47CCB5EA-BC03-4A31-89C5-EDCA95638056}.Ad-Hoc|iPhoneSimulator.Build.0 = Release|Any CPU
		{47CCB5EA-BC03-4A31-89C5-EDCA95638056}.Ad-Hoc|iPhoneSimulator.Deploy.0 = Release|Any CPU
		{47CCB5EA-BC03-4A31-89C5-EDCA95638056}.Ad-Hoc|x64.ActiveCfg = Release|Any CPU
		{47CCB5EA-BC03-4A31-89C5-EDCA95638056}.Ad-Hoc|x64.Build.0 = Release|Any CPU
		{47CCB5EA-BC03-4A31-89C5-EDCA95638056}.Ad-Hoc|x64.Deploy.0 = Release|Any CPU
		{47CCB5EA-BC03-4A31-89C5-EDCA95638056}.Ad-Hoc|x86.ActiveCfg = Release|Any CPU
		{47CCB5EA-BC03-4A31-89C5-EDCA95638056}.Ad-Hoc|x86.Build.0 = Release|Any CPU
		{47CCB5EA-BC03-4A31-89C5-EDCA95638056}.Ad-Hoc|x86.Deploy.0 = Release|Any CPU
		{47CCB5EA-BC03-4A31-89C5-EDCA95638056}.AppStore|Any CPU.ActiveCfg = Release|Any CPU
		{47CCB5EA-BC03-4A31-89C5-EDCA95638056}.AppStore|Any CPU.Build.0 = Release|Any CPU
		{47CCB5EA-BC03-4A31-89C5-EDCA95638056}.AppStore|Any CPU.Deploy.0 = Release|Any CPU
		{47CCB5EA-BC03-4A31-89C5-EDCA95638056}.AppStore|ARM.ActiveCfg = Release|Any CPU
		{47CCB5EA-BC03-4A31-89C5-EDCA95638056}.AppStore|ARM.Build.0 = Release|Any CPU
		{47CCB5EA-BC03-4A31-89C5-EDCA95638056}.AppStore|ARM.Deploy.0 = Release|Any CPU
		{47CCB5EA-BC03-4A31-89C5-EDCA95638056}.AppStore|iPhone.ActiveCfg = Release|Any CPU
		{47CCB5EA-BC03-4A31-89C5-EDCA95638056}.AppStore|iPhone.Build.0 = Release|Any CPU
		{47CCB5EA-BC03-4A31-89C5-EDCA95638056}.AppStore|iPhone.Deploy.0 = Release|Any CPU
		{47CCB5EA-BC03-4A31-89C5-EDCA95638056}.AppStore|iPhoneSimulator.ActiveCfg = Release|Any CPU
		{47CCB5EA-BC03-4A31-89C5-EDCA95638056}.AppStore|iPhoneSimulator.Build.0 = Release|Any CPU
		{47CCB5EA-BC03-4A31-89C5-EDCA95638056}.AppStore|iPhoneSimulator.Deploy.0 = Release|Any CPU
		{47CCB5EA-BC03-4A31-89C5-EDCA95638056}.AppStore|x64.ActiveCfg = Release|Any CPU
		{47CCB5EA-BC03-4A31-89C5-EDCA95638056}.AppStore|x64.Build.0 = Release|Any CPU
		{47CCB5EA-BC03-4A31-89C5-EDCA95638056}.AppStore|x64.Deploy.0 = Release|Any CPU
		{47CCB5EA-BC03-4A31-89C5-EDCA95638056}.AppStore|x86.ActiveCfg = Release|Any CPU
		{47CCB5EA-BC03-4A31-89C5-EDCA95638056}.AppStore|x86.Build.0 = Release|Any CPU
		{47CCB5EA-BC03-4A31-89C5-EDCA95638056}.AppStore|x86.Deploy.0 = Release|Any CPU
		{47CCB5EA-BC03-4A31-89C5-EDCA95638056}.Debug|Any CPU.ActiveCfg = Debug|Any CPU
		{47CCB5EA-BC03-4A31-89C5-EDCA95638056}.Debug|Any CPU.Build.0 = Debug|Any CPU
		{47CCB5EA-BC03-4A31-89C5-EDCA95638056}.Debug|Any CPU.Deploy.0 = Debug|Any CPU
		{47CCB5EA-BC03-4A31-89C5-EDCA95638056}.Debug|ARM.ActiveCfg = Debug|Any CPU
		{47CCB5EA-BC03-4A31-89C5-EDCA95638056}.Debug|ARM.Build.0 = Debug|Any CPU
		{47CCB5EA-BC03-4A31-89C5-EDCA95638056}.Debug|ARM.Deploy.0 = Debug|Any CPU
		{47CCB5EA-BC03-4A31-89C5-EDCA95638056}.Debug|iPhone.ActiveCfg = Debug|Any CPU
		{47CCB5EA-BC03-4A31-89C5-EDCA95638056}.Debug|iPhone.Build.0 = Debug|Any CPU
		{47CCB5EA-BC03-4A31-89C5-EDCA95638056}.Debug|iPhone.Deploy.0 = Debug|Any CPU
		{47CCB5EA-BC03-4A31-89C5-EDCA95638056}.Debug|iPhoneSimulator.ActiveCfg = Debug|Any CPU
		{47CCB5EA-BC03-4A31-89C5-EDCA95638056}.Debug|iPhoneSimulator.Build.0 = Debug|Any CPU
		{47CCB5EA-BC03-4A31-89C5-EDCA95638056}.Debug|iPhoneSimulator.Deploy.0 = Debug|Any CPU
		{47CCB5EA-BC03-4A31-89C5-EDCA95638056}.Debug|x64.ActiveCfg = Debug|Any CPU
		{47CCB5EA-BC03-4A31-89C5-EDCA95638056}.Debug|x64.Build.0 = Debug|Any CPU
		{47CCB5EA-BC03-4A31-89C5-EDCA95638056}.Debug|x64.Deploy.0 = Debug|Any CPU
		{47CCB5EA-BC03-4A31-89C5-EDCA95638056}.Debug|x86.ActiveCfg = Debug|Any CPU
		{47CCB5EA-BC03-4A31-89C5-EDCA95638056}.Debug|x86.Build.0 = Debug|Any CPU
		{47CCB5EA-BC03-4A31-89C5-EDCA95638056}.Debug|x86.Deploy.0 = Debug|Any CPU
		{47CCB5EA-BC03-4A31-89C5-EDCA95638056}.Release|Any CPU.ActiveCfg = Release|Any CPU
		{47CCB5EA-BC03-4A31-89C5-EDCA95638056}.Release|Any CPU.Build.0 = Release|Any CPU
		{47CCB5EA-BC03-4A31-89C5-EDCA95638056}.Release|Any CPU.Deploy.0 = Release|Any CPU
		{47CCB5EA-BC03-4A31-89C5-EDCA95638056}.Release|ARM.ActiveCfg = Release|Any CPU
		{47CCB5EA-BC03-4A31-89C5-EDCA95638056}.Release|ARM.Build.0 = Release|Any CPU
		{47CCB5EA-BC03-4A31-89C5-EDCA95638056}.Release|ARM.Deploy.0 = Release|Any CPU
		{47CCB5EA-BC03-4A31-89C5-EDCA95638056}.Release|iPhone.ActiveCfg = Release|Any CPU
		{47CCB5EA-BC03-4A31-89C5-EDCA95638056}.Release|iPhone.Build.0 = Release|Any CPU
		{47CCB5EA-BC03-4A31-89C5-EDCA95638056}.Release|iPhone.Deploy.0 = Release|Any CPU
		{47CCB5EA-BC03-4A31-89C5-EDCA95638056}.Release|iPhoneSimulator.ActiveCfg = Release|Any CPU
		{47CCB5EA-BC03-4A31-89C5-EDCA95638056}.Release|iPhoneSimulator.Build.0 = Release|Any CPU
		{47CCB5EA-BC03-4A31-89C5-EDCA95638056}.Release|iPhoneSimulator.Deploy.0 = Release|Any CPU
		{47CCB5EA-BC03-4A31-89C5-EDCA95638056}.Release|x64.ActiveCfg = Release|Any CPU
		{47CCB5EA-BC03-4A31-89C5-EDCA95638056}.Release|x64.Build.0 = Release|Any CPU
		{47CCB5EA-BC03-4A31-89C5-EDCA95638056}.Release|x64.Deploy.0 = Release|Any CPU
		{47CCB5EA-BC03-4A31-89C5-EDCA95638056}.Release|x86.ActiveCfg = Release|Any CPU
		{47CCB5EA-BC03-4A31-89C5-EDCA95638056}.Release|x86.Build.0 = Release|Any CPU
		{47CCB5EA-BC03-4A31-89C5-EDCA95638056}.Release|x86.Deploy.0 = Release|Any CPU
		{E8AEB83A-14BD-4929-83FE-6B1AF724C74E}.Ad-Hoc|Any CPU.ActiveCfg = Ad-Hoc|iPhone
		{E8AEB83A-14BD-4929-83FE-6B1AF724C74E}.Ad-Hoc|ARM.ActiveCfg = Ad-Hoc|iPhone
		{E8AEB83A-14BD-4929-83FE-6B1AF724C74E}.Ad-Hoc|iPhone.ActiveCfg = Ad-Hoc|iPhone
		{E8AEB83A-14BD-4929-83FE-6B1AF724C74E}.Ad-Hoc|iPhone.Build.0 = Ad-Hoc|iPhone
		{E8AEB83A-14BD-4929-83FE-6B1AF724C74E}.Ad-Hoc|iPhoneSimulator.ActiveCfg = Ad-Hoc|iPhoneSimulator
		{E8AEB83A-14BD-4929-83FE-6B1AF724C74E}.Ad-Hoc|iPhoneSimulator.Build.0 = Ad-Hoc|iPhoneSimulator
		{E8AEB83A-14BD-4929-83FE-6B1AF724C74E}.Ad-Hoc|x64.ActiveCfg = Ad-Hoc|iPhone
		{E8AEB83A-14BD-4929-83FE-6B1AF724C74E}.Ad-Hoc|x86.ActiveCfg = Ad-Hoc|iPhone
		{E8AEB83A-14BD-4929-83FE-6B1AF724C74E}.AppStore|Any CPU.ActiveCfg = AppStore|iPhone
		{E8AEB83A-14BD-4929-83FE-6B1AF724C74E}.AppStore|ARM.ActiveCfg = AppStore|iPhone
		{E8AEB83A-14BD-4929-83FE-6B1AF724C74E}.AppStore|iPhone.ActiveCfg = AppStore|iPhone
		{E8AEB83A-14BD-4929-83FE-6B1AF724C74E}.AppStore|iPhone.Build.0 = AppStore|iPhone
		{E8AEB83A-14BD-4929-83FE-6B1AF724C74E}.AppStore|iPhoneSimulator.ActiveCfg = AppStore|iPhoneSimulator
		{E8AEB83A-14BD-4929-83FE-6B1AF724C74E}.AppStore|iPhoneSimulator.Build.0 = AppStore|iPhoneSimulator
		{E8AEB83A-14BD-4929-83FE-6B1AF724C74E}.AppStore|x64.ActiveCfg = AppStore|iPhone
		{E8AEB83A-14BD-4929-83FE-6B1AF724C74E}.AppStore|x86.ActiveCfg = AppStore|iPhone
		{E8AEB83A-14BD-4929-83FE-6B1AF724C74E}.Debug|Any CPU.ActiveCfg = Debug|iPhone
		{E8AEB83A-14BD-4929-83FE-6B1AF724C74E}.Debug|ARM.ActiveCfg = Debug|iPhone
		{E8AEB83A-14BD-4929-83FE-6B1AF724C74E}.Debug|iPhone.ActiveCfg = Debug|iPhone
		{E8AEB83A-14BD-4929-83FE-6B1AF724C74E}.Debug|iPhone.Build.0 = Debug|iPhone
		{E8AEB83A-14BD-4929-83FE-6B1AF724C74E}.Debug|iPhoneSimulator.ActiveCfg = Debug|iPhoneSimulator
		{E8AEB83A-14BD-4929-83FE-6B1AF724C74E}.Debug|iPhoneSimulator.Build.0 = Debug|iPhoneSimulator
		{E8AEB83A-14BD-4929-83FE-6B1AF724C74E}.Debug|x64.ActiveCfg = Debug|iPhone
		{E8AEB83A-14BD-4929-83FE-6B1AF724C74E}.Debug|x86.ActiveCfg = Debug|iPhone
		{E8AEB83A-14BD-4929-83FE-6B1AF724C74E}.Release|Any CPU.ActiveCfg = Release|iPhone
		{E8AEB83A-14BD-4929-83FE-6B1AF724C74E}.Release|ARM.ActiveCfg = Release|iPhone
		{E8AEB83A-14BD-4929-83FE-6B1AF724C74E}.Release|iPhone.ActiveCfg = Release|iPhone
		{E8AEB83A-14BD-4929-83FE-6B1AF724C74E}.Release|iPhone.Build.0 = Release|iPhone
		{E8AEB83A-14BD-4929-83FE-6B1AF724C74E}.Release|iPhoneSimulator.ActiveCfg = Release|iPhoneSimulator
		{E8AEB83A-14BD-4929-83FE-6B1AF724C74E}.Release|iPhoneSimulator.Build.0 = Release|iPhoneSimulator
		{E8AEB83A-14BD-4929-83FE-6B1AF724C74E}.Release|x64.ActiveCfg = Release|iPhone
		{E8AEB83A-14BD-4929-83FE-6B1AF724C74E}.Release|x86.ActiveCfg = Release|iPhone
		{C0F20D01-D0E6-45C4-8251-0FAE0E64967D}.Ad-Hoc|Any CPU.ActiveCfg = Release|Any CPU
		{C0F20D01-D0E6-45C4-8251-0FAE0E64967D}.Ad-Hoc|Any CPU.Build.0 = Release|Any CPU
		{C0F20D01-D0E6-45C4-8251-0FAE0E64967D}.Ad-Hoc|Any CPU.Deploy.0 = Release|Any CPU
		{C0F20D01-D0E6-45C4-8251-0FAE0E64967D}.Ad-Hoc|ARM.ActiveCfg = Release|ARM
		{C0F20D01-D0E6-45C4-8251-0FAE0E64967D}.Ad-Hoc|ARM.Build.0 = Release|ARM
		{C0F20D01-D0E6-45C4-8251-0FAE0E64967D}.Ad-Hoc|ARM.Deploy.0 = Release|ARM
		{C0F20D01-D0E6-45C4-8251-0FAE0E64967D}.Ad-Hoc|iPhone.ActiveCfg = Release|Any CPU
		{C0F20D01-D0E6-45C4-8251-0FAE0E64967D}.Ad-Hoc|iPhone.Build.0 = Release|Any CPU
		{C0F20D01-D0E6-45C4-8251-0FAE0E64967D}.Ad-Hoc|iPhone.Deploy.0 = Release|Any CPU
		{C0F20D01-D0E6-45C4-8251-0FAE0E64967D}.Ad-Hoc|iPhoneSimulator.ActiveCfg = Release|Any CPU
		{C0F20D01-D0E6-45C4-8251-0FAE0E64967D}.Ad-Hoc|iPhoneSimulator.Build.0 = Release|Any CPU
		{C0F20D01-D0E6-45C4-8251-0FAE0E64967D}.Ad-Hoc|iPhoneSimulator.Deploy.0 = Release|Any CPU
		{C0F20D01-D0E6-45C4-8251-0FAE0E64967D}.Ad-Hoc|x64.ActiveCfg = Release|Any CPU
		{C0F20D01-D0E6-45C4-8251-0FAE0E64967D}.Ad-Hoc|x64.Build.0 = Release|Any CPU
		{C0F20D01-D0E6-45C4-8251-0FAE0E64967D}.Ad-Hoc|x64.Deploy.0 = Release|Any CPU
		{C0F20D01-D0E6-45C4-8251-0FAE0E64967D}.Ad-Hoc|x86.ActiveCfg = Release|x86
		{C0F20D01-D0E6-45C4-8251-0FAE0E64967D}.Ad-Hoc|x86.Build.0 = Release|x86
		{C0F20D01-D0E6-45C4-8251-0FAE0E64967D}.Ad-Hoc|x86.Deploy.0 = Release|x86
		{C0F20D01-D0E6-45C4-8251-0FAE0E64967D}.AppStore|Any CPU.ActiveCfg = Release|Any CPU
		{C0F20D01-D0E6-45C4-8251-0FAE0E64967D}.AppStore|Any CPU.Build.0 = Release|Any CPU
		{C0F20D01-D0E6-45C4-8251-0FAE0E64967D}.AppStore|Any CPU.Deploy.0 = Release|Any CPU
		{C0F20D01-D0E6-45C4-8251-0FAE0E64967D}.AppStore|ARM.ActiveCfg = Release|ARM
		{C0F20D01-D0E6-45C4-8251-0FAE0E64967D}.AppStore|ARM.Build.0 = Release|ARM
		{C0F20D01-D0E6-45C4-8251-0FAE0E64967D}.AppStore|ARM.Deploy.0 = Release|ARM
		{C0F20D01-D0E6-45C4-8251-0FAE0E64967D}.AppStore|iPhone.ActiveCfg = Release|Any CPU
		{C0F20D01-D0E6-45C4-8251-0FAE0E64967D}.AppStore|iPhone.Build.0 = Release|Any CPU
		{C0F20D01-D0E6-45C4-8251-0FAE0E64967D}.AppStore|iPhone.Deploy.0 = Release|Any CPU
		{C0F20D01-D0E6-45C4-8251-0FAE0E64967D}.AppStore|iPhoneSimulator.ActiveCfg = Release|Any CPU
		{C0F20D01-D0E6-45C4-8251-0FAE0E64967D}.AppStore|iPhoneSimulator.Build.0 = Release|Any CPU
		{C0F20D01-D0E6-45C4-8251-0FAE0E64967D}.AppStore|iPhoneSimulator.Deploy.0 = Release|Any CPU
		{C0F20D01-D0E6-45C4-8251-0FAE0E64967D}.AppStore|x64.ActiveCfg = Release|Any CPU
		{C0F20D01-D0E6-45C4-8251-0FAE0E64967D}.AppStore|x64.Build.0 = Release|Any CPU
		{C0F20D01-D0E6-45C4-8251-0FAE0E64967D}.AppStore|x64.Deploy.0 = Release|Any CPU
		{C0F20D01-D0E6-45C4-8251-0FAE0E64967D}.AppStore|x86.ActiveCfg = Release|x86
		{C0F20D01-D0E6-45C4-8251-0FAE0E64967D}.AppStore|x86.Build.0 = Release|x86
		{C0F20D01-D0E6-45C4-8251-0FAE0E64967D}.AppStore|x86.Deploy.0 = Release|x86
		{C0F20D01-D0E6-45C4-8251-0FAE0E64967D}.Debug|Any CPU.ActiveCfg = Debug|Any CPU
		{C0F20D01-D0E6-45C4-8251-0FAE0E64967D}.Debug|Any CPU.Build.0 = Debug|Any CPU
		{C0F20D01-D0E6-45C4-8251-0FAE0E64967D}.Debug|Any CPU.Deploy.0 = Debug|Any CPU
		{C0F20D01-D0E6-45C4-8251-0FAE0E64967D}.Debug|ARM.ActiveCfg = Debug|ARM
		{C0F20D01-D0E6-45C4-8251-0FAE0E64967D}.Debug|ARM.Build.0 = Debug|ARM
		{C0F20D01-D0E6-45C4-8251-0FAE0E64967D}.Debug|ARM.Deploy.0 = Debug|ARM
		{C0F20D01-D0E6-45C4-8251-0FAE0E64967D}.Debug|iPhone.ActiveCfg = Debug|Any CPU
		{C0F20D01-D0E6-45C4-8251-0FAE0E64967D}.Debug|iPhone.Build.0 = Debug|Any CPU
		{C0F20D01-D0E6-45C4-8251-0FAE0E64967D}.Debug|iPhone.Deploy.0 = Debug|Any CPU
		{C0F20D01-D0E6-45C4-8251-0FAE0E64967D}.Debug|iPhoneSimulator.ActiveCfg = Debug|Any CPU
		{C0F20D01-D0E6-45C4-8251-0FAE0E64967D}.Debug|iPhoneSimulator.Build.0 = Debug|Any CPU
		{C0F20D01-D0E6-45C4-8251-0FAE0E64967D}.Debug|iPhoneSimulator.Deploy.0 = Debug|Any CPU
		{C0F20D01-D0E6-45C4-8251-0FAE0E64967D}.Debug|x64.ActiveCfg = Debug|Any CPU
		{C0F20D01-D0E6-45C4-8251-0FAE0E64967D}.Debug|x64.Build.0 = Debug|Any CPU
		{C0F20D01-D0E6-45C4-8251-0FAE0E64967D}.Debug|x64.Deploy.0 = Debug|Any CPU
		{C0F20D01-D0E6-45C4-8251-0FAE0E64967D}.Debug|x86.ActiveCfg = Debug|x86
		{C0F20D01-D0E6-45C4-8251-0FAE0E64967D}.Debug|x86.Build.0 = Debug|x86
		{C0F20D01-D0E6-45C4-8251-0FAE0E64967D}.Debug|x86.Deploy.0 = Debug|x86
		{C0F20D01-D0E6-45C4-8251-0FAE0E64967D}.Release|Any CPU.ActiveCfg = Release|Any CPU
		{C0F20D01-D0E6-45C4-8251-0FAE0E64967D}.Release|Any CPU.Build.0 = Release|Any CPU
		{C0F20D01-D0E6-45C4-8251-0FAE0E64967D}.Release|Any CPU.Deploy.0 = Release|Any CPU
		{C0F20D01-D0E6-45C4-8251-0FAE0E64967D}.Release|ARM.ActiveCfg = Release|ARM
		{C0F20D01-D0E6-45C4-8251-0FAE0E64967D}.Release|ARM.Build.0 = Release|ARM
		{C0F20D01-D0E6-45C4-8251-0FAE0E64967D}.Release|ARM.Deploy.0 = Release|ARM
		{C0F20D01-D0E6-45C4-8251-0FAE0E64967D}.Release|iPhone.ActiveCfg = Release|Any CPU
		{C0F20D01-D0E6-45C4-8251-0FAE0E64967D}.Release|iPhone.Build.0 = Release|Any CPU
		{C0F20D01-D0E6-45C4-8251-0FAE0E64967D}.Release|iPhone.Deploy.0 = Release|Any CPU
		{C0F20D01-D0E6-45C4-8251-0FAE0E64967D}.Release|iPhoneSimulator.ActiveCfg = Release|Any CPU
		{C0F20D01-D0E6-45C4-8251-0FAE0E64967D}.Release|iPhoneSimulator.Build.0 = Release|Any CPU
		{C0F20D01-D0E6-45C4-8251-0FAE0E64967D}.Release|iPhoneSimulator.Deploy.0 = Release|Any CPU
		{C0F20D01-D0E6-45C4-8251-0FAE0E64967D}.Release|x64.ActiveCfg = Release|Any CPU
		{C0F20D01-D0E6-45C4-8251-0FAE0E64967D}.Release|x64.Build.0 = Release|Any CPU
		{C0F20D01-D0E6-45C4-8251-0FAE0E64967D}.Release|x64.Deploy.0 = Release|Any CPU
		{C0F20D01-D0E6-45C4-8251-0FAE0E64967D}.Release|x86.ActiveCfg = Release|x86
		{C0F20D01-D0E6-45C4-8251-0FAE0E64967D}.Release|x86.Build.0 = Release|x86
		{C0F20D01-D0E6-45C4-8251-0FAE0E64967D}.Release|x86.Deploy.0 = Release|x86
		{28321108-87E7-4928-8D18-F4E0715A2917}.Ad-Hoc|Any CPU.ActiveCfg = Release|Any CPU
		{28321108-87E7-4928-8D18-F4E0715A2917}.Ad-Hoc|Any CPU.Build.0 = Release|Any CPU
		{28321108-87E7-4928-8D18-F4E0715A2917}.Ad-Hoc|Any CPU.Deploy.0 = Release|Any CPU
		{28321108-87E7-4928-8D18-F4E0715A2917}.Ad-Hoc|ARM.ActiveCfg = Release|ARM
		{28321108-87E7-4928-8D18-F4E0715A2917}.Ad-Hoc|ARM.Build.0 = Release|ARM
		{28321108-87E7-4928-8D18-F4E0715A2917}.Ad-Hoc|ARM.Deploy.0 = Release|ARM
		{28321108-87E7-4928-8D18-F4E0715A2917}.Ad-Hoc|iPhone.ActiveCfg = Release|Any CPU
		{28321108-87E7-4928-8D18-F4E0715A2917}.Ad-Hoc|iPhone.Build.0 = Release|Any CPU
		{28321108-87E7-4928-8D18-F4E0715A2917}.Ad-Hoc|iPhone.Deploy.0 = Release|Any CPU
		{28321108-87E7-4928-8D18-F4E0715A2917}.Ad-Hoc|iPhoneSimulator.ActiveCfg = Release|Any CPU
		{28321108-87E7-4928-8D18-F4E0715A2917}.Ad-Hoc|iPhoneSimulator.Build.0 = Release|Any CPU
		{28321108-87E7-4928-8D18-F4E0715A2917}.Ad-Hoc|iPhoneSimulator.Deploy.0 = Release|Any CPU
		{28321108-87E7-4928-8D18-F4E0715A2917}.Ad-Hoc|x64.ActiveCfg = Release|x64
		{28321108-87E7-4928-8D18-F4E0715A2917}.Ad-Hoc|x64.Build.0 = Release|x64
		{28321108-87E7-4928-8D18-F4E0715A2917}.Ad-Hoc|x64.Deploy.0 = Release|x64
		{28321108-87E7-4928-8D18-F4E0715A2917}.Ad-Hoc|x86.ActiveCfg = Release|x86
		{28321108-87E7-4928-8D18-F4E0715A2917}.Ad-Hoc|x86.Build.0 = Release|x86
		{28321108-87E7-4928-8D18-F4E0715A2917}.Ad-Hoc|x86.Deploy.0 = Release|x86
		{28321108-87E7-4928-8D18-F4E0715A2917}.AppStore|Any CPU.ActiveCfg = Release|Any CPU
		{28321108-87E7-4928-8D18-F4E0715A2917}.AppStore|Any CPU.Build.0 = Release|Any CPU
		{28321108-87E7-4928-8D18-F4E0715A2917}.AppStore|Any CPU.Deploy.0 = Release|Any CPU
		{28321108-87E7-4928-8D18-F4E0715A2917}.AppStore|ARM.ActiveCfg = Release|ARM
		{28321108-87E7-4928-8D18-F4E0715A2917}.AppStore|ARM.Build.0 = Release|ARM
		{28321108-87E7-4928-8D18-F4E0715A2917}.AppStore|ARM.Deploy.0 = Release|ARM
		{28321108-87E7-4928-8D18-F4E0715A2917}.AppStore|iPhone.ActiveCfg = Release|Any CPU
		{28321108-87E7-4928-8D18-F4E0715A2917}.AppStore|iPhone.Build.0 = Release|Any CPU
		{28321108-87E7-4928-8D18-F4E0715A2917}.AppStore|iPhone.Deploy.0 = Release|Any CPU
		{28321108-87E7-4928-8D18-F4E0715A2917}.AppStore|iPhoneSimulator.ActiveCfg = Release|Any CPU
		{28321108-87E7-4928-8D18-F4E0715A2917}.AppStore|iPhoneSimulator.Build.0 = Release|Any CPU
		{28321108-87E7-4928-8D18-F4E0715A2917}.AppStore|iPhoneSimulator.Deploy.0 = Release|Any CPU
		{28321108-87E7-4928-8D18-F4E0715A2917}.AppStore|x64.ActiveCfg = Release|x64
		{28321108-87E7-4928-8D18-F4E0715A2917}.AppStore|x64.Build.0 = Release|x64
		{28321108-87E7-4928-8D18-F4E0715A2917}.AppStore|x64.Deploy.0 = Release|x64
		{28321108-87E7-4928-8D18-F4E0715A2917}.AppStore|x86.ActiveCfg = Release|x86
		{28321108-87E7-4928-8D18-F4E0715A2917}.AppStore|x86.Build.0 = Release|x86
		{28321108-87E7-4928-8D18-F4E0715A2917}.AppStore|x86.Deploy.0 = Release|x86
		{28321108-87E7-4928-8D18-F4E0715A2917}.Debug|Any CPU.ActiveCfg = Debug|Any CPU
		{28321108-87E7-4928-8D18-F4E0715A2917}.Debug|Any CPU.Build.0 = Debug|Any CPU
		{28321108-87E7-4928-8D18-F4E0715A2917}.Debug|Any CPU.Deploy.0 = Debug|Any CPU
		{28321108-87E7-4928-8D18-F4E0715A2917}.Debug|ARM.ActiveCfg = Debug|ARM
		{28321108-87E7-4928-8D18-F4E0715A2917}.Debug|ARM.Build.0 = Debug|ARM
		{28321108-87E7-4928-8D18-F4E0715A2917}.Debug|ARM.Deploy.0 = Debug|ARM
		{28321108-87E7-4928-8D18-F4E0715A2917}.Debug|iPhone.ActiveCfg = Debug|Any CPU
		{28321108-87E7-4928-8D18-F4E0715A2917}.Debug|iPhone.Build.0 = Debug|Any CPU
		{28321108-87E7-4928-8D18-F4E0715A2917}.Debug|iPhone.Deploy.0 = Debug|Any CPU
		{28321108-87E7-4928-8D18-F4E0715A2917}.Debug|iPhoneSimulator.ActiveCfg = Debug|Any CPU
		{28321108-87E7-4928-8D18-F4E0715A2917}.Debug|iPhoneSimulator.Build.0 = Debug|Any CPU
		{28321108-87E7-4928-8D18-F4E0715A2917}.Debug|iPhoneSimulator.Deploy.0 = Debug|Any CPU
		{28321108-87E7-4928-8D18-F4E0715A2917}.Debug|x64.ActiveCfg = Debug|x64
		{28321108-87E7-4928-8D18-F4E0715A2917}.Debug|x64.Build.0 = Debug|x64
		{28321108-87E7-4928-8D18-F4E0715A2917}.Debug|x64.Deploy.0 = Debug|x64
		{28321108-87E7-4928-8D18-F4E0715A2917}.Debug|x86.ActiveCfg = Debug|x86
		{28321108-87E7-4928-8D18-F4E0715A2917}.Debug|x86.Build.0 = Debug|x86
		{28321108-87E7-4928-8D18-F4E0715A2917}.Debug|x86.Deploy.0 = Debug|x86
		{28321108-87E7-4928-8D18-F4E0715A2917}.Release|Any CPU.ActiveCfg = Release|Any CPU
		{28321108-87E7-4928-8D18-F4E0715A2917}.Release|Any CPU.Build.0 = Release|Any CPU
		{28321108-87E7-4928-8D18-F4E0715A2917}.Release|Any CPU.Deploy.0 = Release|Any CPU
		{28321108-87E7-4928-8D18-F4E0715A2917}.Release|ARM.ActiveCfg = Release|ARM
		{28321108-87E7-4928-8D18-F4E0715A2917}.Release|ARM.Build.0 = Release|ARM
		{28321108-87E7-4928-8D18-F4E0715A2917}.Release|ARM.Deploy.0 = Release|ARM
		{28321108-87E7-4928-8D18-F4E0715A2917}.Release|iPhone.ActiveCfg = Release|Any CPU
		{28321108-87E7-4928-8D18-F4E0715A2917}.Release|iPhone.Build.0 = Release|Any CPU
		{28321108-87E7-4928-8D18-F4E0715A2917}.Release|iPhone.Deploy.0 = Release|Any CPU
		{28321108-87E7-4928-8D18-F4E0715A2917}.Release|iPhoneSimulator.ActiveCfg = Release|Any CPU
		{28321108-87E7-4928-8D18-F4E0715A2917}.Release|iPhoneSimulator.Build.0 = Release|Any CPU
		{28321108-87E7-4928-8D18-F4E0715A2917}.Release|iPhoneSimulator.Deploy.0 = Release|Any CPU
		{28321108-87E7-4928-8D18-F4E0715A2917}.Release|x64.ActiveCfg = Release|x64
		{28321108-87E7-4928-8D18-F4E0715A2917}.Release|x64.Build.0 = Release|x64
		{28321108-87E7-4928-8D18-F4E0715A2917}.Release|x64.Deploy.0 = Release|x64
		{28321108-87E7-4928-8D18-F4E0715A2917}.Release|x86.ActiveCfg = Release|x86
		{28321108-87E7-4928-8D18-F4E0715A2917}.Release|x86.Build.0 = Release|x86
		{28321108-87E7-4928-8D18-F4E0715A2917}.Release|x86.Deploy.0 = Release|x86
	EndGlobalSection
	GlobalSection(SolutionProperties) = preSolution
		HideSolutionNode = FALSE
	EndGlobalSection
EndGlobal
